
Microsoft Visual Studio Solution File, Format Version 12.00
# Visual Studio Version 17
VisualStudioVersion = 17.11.35327.3
MinimumVisualStudioVersion = 10.0.40219.1
Project("{FAE04EC0-301F-11D3-BF4B-00C04F79EFBC}") = "dev-az204-01", "dev-az204-01\dev-az204-01.csproj", "{A71E2C13-D21E-4B0D-947B-929AD410ADA6}"
EndProject
Global
	GlobalSection(SolutionConfigurationPlatforms) = preSolution
		Debug|Any CPU = Debug|Any CPU
		Release|Any CPU = Release|Any CPU
	EndGlobalSection
	GlobalSection(ProjectConfigurationPlatforms) = postSolution
		{A71E2C13-D21E-4B0D-947B-929AD410ADA6}.Debug|Any CPU.ActiveCfg = Debug|Any CPU
		{A71E2C13-D21E-4B0D-947B-929AD410ADA6}.Debug|Any CPU.Build.0 = Debug|Any CPU
		{A71E2C13-D21E-4B0D-947B-929AD410ADA6}.Release|Any CPU.ActiveCfg = Release|Any CPU
		{A71E2C13-D21E-4B0D-947B-929AD410ADA6}.Release|Any CPU.Build.0 = Release|Any CPU
	EndGlobalSection
	GlobalSection(SolutionProperties) = preSolution
		HideSolutionNode = FALSE
	EndGlobalSection
	GlobalSection(ExtensibilityGlobals) = postSolution
		SolutionGuid = {F796EF36-6908-4DF6-8C73-25B515E14163}
	EndGlobalSection
EndGlobal
